
Microsoft Visual Studio Solution File, Format Version 12.00
# Visual Studio Version 17
VisualStudioVersion = 17.3.32922.545
MinimumVisualStudioVersion = 10.0.40219.1
Project("{9A19103F-16F7-4668-BE54-9A1E7A4F7556}") = "StackOverflow", "StackOverflow\StackOverflow.csproj", "{669CFB3E-1AEA-4EC6-A540-D7A5384B5574}"
EndProject
Project("{9A19103F-16F7-4668-BE54-9A1E7A4F7556}") = "StackOverflow.Test", "StackOverflow.Test\StackOverflow.Test.csproj", "{92145688-5917-435E-BAAA-C5ECDAD6DF65}"
EndProject
Global
	GlobalSection(SolutionConfigurationPlatforms) = preSolution
		Debug|Any CPU = Debug|Any CPU
		Release|Any CPU = Release|Any CPU
	EndGlobalSection
	GlobalSection(ProjectConfigurationPlatforms) = postSolution
		{669CFB3E-1AEA-4EC6-A540-D7A5384B5574}.Debug|Any CPU.ActiveCfg = Debug|Any CPU
		{669CFB3E-1AEA-4EC6-A540-D7A5384B5574}.Debug|Any CPU.Build.0 = Debug|Any CPU
		{669CFB3E-1AEA-4EC6-A540-D7A5384B5574}.Release|Any CPU.ActiveCfg = Release|Any CPU
		{669CFB3E-1AEA-4EC6-A540-D7A5384B5574}.Release|Any CPU.Build.0 = Release|Any CPU
		{92145688-5917-435E-BAAA-C5ECDAD6DF65}.Debug|Any CPU.ActiveCfg = Debug|Any CPU
		{92145688-5917-435E-BAAA-C5ECDAD6DF65}.Debug|Any CPU.Build.0 = Debug|Any CPU
		{92145688-5917-435E-BAAA-C5ECDAD6DF65}.Release|Any CPU.ActiveCfg = Release|Any CPU
		{92145688-5917-435E-BAAA-C5ECDAD6DF65}.Release|Any CPU.Build.0 = Release|Any CPU
	EndGlobalSection
	GlobalSection(SolutionProperties) = preSolution
		HideSolutionNode = FALSE
	EndGlobalSection
	GlobalSection(ExtensibilityGlobals) = postSolution
		SolutionGuid = {C6471D67-6DE1-4ACB-A327-130219C69C2B}
	EndGlobalSection
EndGlobal
